<?xml version="1.0" encoding="utf-8"?>
<Project ToolsVersion="4.0" xmlns="http://schemas.microsoft.com/developer/msbuild/2003">
  <ItemGroup>
    <Filter Include="Source Files">
      <UniqueIdentifier>{4FC737F1-C7A5-4376-A066-2A32D752A2FF}</UniqueIdentifier>
      <Extensions>cpp;c;cc;cxx;def;odl;idl;hpj;bat;asm;asmx</Extensions>
    </Filter>
    <Filter Include="Header Files">
      <UniqueIdentifier>{93995380-89BD-4b04-88EB-625FBE52EBFB}</UniqueIdentifier>
      <Extensions>h;hh;hpp;hxx;hm;inl;inc;ipp;xsd</Extensions>
    </Filter>
    <Filter Include="Resource Files">
      <UniqueIdentifier>{67DA6AB6-F800-4c08-8B7A-83BB121AAD01}</UniqueIdentifier>
      <Extensions>rc;ico;cur;bmp;dlg;rc2;rct;bin;rgs;gif;jpg;jpeg;jpe;resx;tiff;tif;png;wav;mfcribbon-ms</Extensions>
    </Filter>
  </ItemGroup>
  <ItemGroup>
    <ClInclude Include="include\badday.h">
      <Filter>Header Files</Filter>
    </ClInclude>
    <ClInclude Include="include\bastypes.h">
      <Filter>Header Files</Filter>
    </ClInclude>
    <ClInclude Include="include\bsearch.h">
      <Filter>Header Files</Filter>
    </ClInclude>
    <ClInclude Include="include\buscache.h">
      <Filter>Header Files</Filter>
    </ClInclude>
    <ClInclude Include="include\busday.h">
      <Filter>Header Files</Filter>
    </ClInclude>
    <ClInclude Include="include\cashflow.h">
      <Filter>Header Files</Filter>
    </ClInclude>
    <ClInclude Include="include\cdate.h">
      <Filter>Header Files</Filter>
    </ClInclude>
    <ClInclude Include="include\cds.h">
      <Filter>Header Files</Filter>
    </ClInclude>
    <ClInclude Include="include\cdsone.h">
      <Filter>Header Files</Filter>
    </ClInclude>
    <ClInclude Include="include\cerror.h">
      <Filter>Header Files</Filter>
    </ClInclude>
    <ClInclude Include="include\cfileio.h">
      <Filter>Header Files</Filter>
    </ClInclude>
    <ClInclude Include="include\cfinanci.h">
      <Filter>Header Files</Filter>
    </ClInclude>
    <ClInclude Include="include\cgeneral.h">
      <Filter>Header Files</Filter>
    </ClInclude>
    <ClInclude Include="include\cheaders.h">
      <Filter>Header Files</Filter>
    </ClInclude>
    <ClInclude Include="include\cmemory.h">
      <Filter>Header Files</Filter>
    </ClInclude>
    <ClInclude Include="include\contingentleg.h">
      <Filter>Header Files</Filter>
    </ClInclude>
    <ClInclude Include="include\convert.h">
      <Filter>Header Files</Filter>
    </ClInclude>
    <ClInclude Include="include\cx.h">
      <Filter>Header Files</Filter>
    </ClInclude>
    <ClInclude Include="include\cxbsearch.h">
      <Filter>Header Files</Filter>
    </ClInclude>
    <ClInclude Include="include\cxdatelist.h">
      <Filter>Header Files</Filter>
    </ClInclude>
    <ClInclude Include="include\cxzerocurve.h">
      <Filter>Header Files</Filter>
    </ClInclude>
    <ClInclude Include="include\date_sup.h">
      <Filter>Header Files</Filter>
    </ClInclude>
    <ClInclude Include="include\dateadj.h">
      <Filter>Header Files</Filter>
    </ClInclude>
    <ClInclude Include="include\dateconv.h">
      <Filter>Header Files</Filter>
    </ClInclude>
    <ClInclude Include="include\datelist.h">
      <Filter>Header Files</Filter>
    </ClInclude>
    <ClInclude Include="include\defaulted.h">
      <Filter>Header Files</Filter>
    </ClInclude>
    <ClInclude Include="include\dtlist.h">
      <Filter>Header Files</Filter>
    </ClInclude>
    <ClInclude Include="include\feeleg.h">
      <Filter>Header Files</Filter>
    </ClInclude>
    <ClInclude Include="include\fltrate.h">
      <Filter>Header Files</Filter>
    </ClInclude>
    <ClInclude Include="include\gtozc.h">
      <Filter>Header Files</Filter>
    </ClInclude>
    <ClInclude Include="include\interp.h">
      <Filter>Header Files</Filter>
    </ClInclude>
    <ClInclude Include="include\ldate.h">
      <Filter>Header Files</Filter>
    </ClInclude>
    <ClInclude Include="include\lintrp.h">
      <Filter>Header Files</Filter>
    </ClInclude>
    <ClInclude Include="include\lprintf.h">
      <Filter>Header Files</Filter>
    </ClInclude>
    <ClInclude Include="include\macros.h">
      <Filter>Header Files</Filter>
    </ClInclude>
    <ClInclude Include="include\mdydate.h">
      <Filter>Header Files</Filter>
    </ClInclude>
    <ClInclude Include="include\metric.h">
      <Filter>Header Files</Filter>
    </ClInclude>
    <ClInclude Include="include\rtbrent.h">
      <Filter>Header Files</Filter>
    </ClInclude>
    <ClInclude Include="include\schedule.h">
      <Filter>Header Files</Filter>
    </ClInclude>
    <ClInclude Include="include\streamcf.h">
      <Filter>Header Files</Filter>
    </ClInclude>
    <ClInclude Include="include\strutil.h">
      <Filter>Header Files</Filter>
    </ClInclude>
    <ClInclude Include="include\stub.h">
      <Filter>Header Files</Filter>
    </ClInclude>
    <ClInclude Include="include\tcurve.h">
      <Filter>Header Files</Filter>
    </ClInclude>
    <ClInclude Include="include\timeline.h">
      <Filter>Header Files</Filter>
    </ClInclude>
    <ClInclude Include="include\version.h">
      <Filter>Header Files</Filter>
    </ClInclude>
    <ClInclude Include="include\yearfrac.h">
      <Filter>Header Files</Filter>
    </ClInclude>
    <ClInclude Include="include\zcprvt.h">
      <Filter>Header Files</Filter>
    </ClInclude>
    <ClInclude Include="include\zerocurve.h">
      <Filter>Header Files</Filter>
    </ClInclude>
    <ClInclude Include="include\zr2coup.h">
      <Filter>Header Files</Filter>
    </ClInclude>
    <ClInclude Include="include\zr2fwd.h">
      <Filter>Header Files</Filter>
    </ClInclude>
    <ClInclude Include="src\zcswdate.h">
      <Filter>Source Files</Filter>
    </ClInclude>
  </ItemGroup>
  <ItemGroup>
    <ClCompile Include="src\badday.c">
      <Filter>Source Files</Filter>
    </ClCompile>
    <ClCompile Include="src\bsearch.c">
      <Filter>Source Files</Filter>
    </ClCompile>
    <ClCompile Include="src\buscache.c">
      <Filter>Source Files</Filter>
    </ClCompile>
    <ClCompile Include="src\busday.c">
      <Filter>Source Files</Filter>
    </ClCompile>
    <ClCompile Include="src\cashflow.c">
      <Filter>Source Files</Filter>
    </ClCompile>
    <ClCompile Include="src\cds.c">
      <Filter>Source Files</Filter>
    </ClCompile>
    <ClCompile Include="src\cdsbootstrap.c">
      <Filter>Source Files</Filter>
    </ClCompile>
    <ClCompile Include="src\cdsone.c">
      <Filter>Source Files</Filter>
    </ClCompile>
    <ClCompile Include="src\cerror.c">
      <Filter>Source Files</Filter>
    </ClCompile>
    <ClCompile Include="src\cfileio.c">
      <Filter>Source Files</Filter>
    </ClCompile>
    <ClCompile Include="src\cfinanci.cpp">
      <Filter>Source Files</Filter>
    </ClCompile>
    <ClCompile Include="src\cmemory.c">
      <Filter>Source Files</Filter>
    </ClCompile>
    <ClCompile Include="src\contingentleg.c">
      <Filter>Source Files</Filter>
    </ClCompile>
    <ClCompile Include="src\convert.c">
      <Filter>Source Files</Filter>
    </ClCompile>
    <ClCompile Include="src\cx.c">
      <Filter>Source Files</Filter>
    </ClCompile>
    <ClCompile Include="src\cxbsearch.c">
      <Filter>Source Files</Filter>
    </ClCompile>
    <ClCompile Include="src\cxdatelist.c">
      <Filter>Source Files</Filter>
    </ClCompile>
    <ClCompile Include="src\cxzerocurve.c">
      <Filter>Source Files</Filter>
    </ClCompile>
    <ClCompile Include="src\date_sup.c">
      <Filter>Source Files</Filter>
    </ClCompile>
    <ClCompile Include="src\dateadj.c">
      <Filter>Source Files</Filter>
    </ClCompile>
    <ClCompile Include="src\dateconv.c">
      <Filter>Source Files</Filter>
    </ClCompile>
    <ClCompile Include="src\datelist.c">
      <Filter>Source Files</Filter>
    </ClCompile>
    <ClCompile Include="src\defaulted.c">
      <Filter>Source Files</Filter>
    </ClCompile>
    <ClCompile Include="src\dtlist.c">
      <Filter>Source Files</Filter>
    </ClCompile>
    <ClCompile Include="src\feeleg.c">
      <Filter>Source Files</Filter>
    </ClCompile>
    <ClCompile Include="src\fltrate.c">
      <Filter>Source Files</Filter>
    </ClCompile>
    <ClCompile Include="src\gtozc.c">
      <Filter>Source Files</Filter>
    </ClCompile>
    <ClCompile Include="src\interpc.c">
      <Filter>Source Files</Filter>
    </ClCompile>
    <ClCompile Include="src\ldate.c">
      <Filter>Source Files</Filter>
    </ClCompile>
    <ClCompile Include="src\linterpc.c">
      <Filter>Source Files</Filter>
    </ClCompile>
    <ClCompile Include="src\lintrp1.c">
      <Filter>Source Files</Filter>
    </ClCompile>
    <ClCompile Include="src\lprintf.c">
      <Filter>Source Files</Filter>
    </ClCompile>
    <ClCompile Include="src\lscanf.c">
      <Filter>Source Files</Filter>
    </ClCompile>
    <ClCompile Include="src\rtbrent.c">
      <Filter>Source Files</Filter>
    </ClCompile>
    <ClCompile Include="src\schedule.c">
      <Filter>Source Files</Filter>
    </ClCompile>
    <ClCompile Include="src\streamcf.c">
      <Filter>Source Files</Filter>
    </ClCompile>
    <ClCompile Include="src\strutil.c">
      <Filter>Source Files</Filter>
    </ClCompile>
    <ClCompile Include="src\stub.c">
      <Filter>Source Files</Filter>
    </ClCompile>
    <ClCompile Include="src\tcurve.c">
      <Filter>Source Files</Filter>
    </ClCompile>
    <ClCompile Include="src\timeline.c">
      <Filter>Source Files</Filter>
    </ClCompile>
    <ClCompile Include="src\version.c">
      <Filter>Source Files</Filter>
    </ClCompile>
    <ClCompile Include="src\yearfrac.c">
      <Filter>Source Files</Filter>
    </ClCompile>
    <ClCompile Include="src\zcall.c">
      <Filter>Source Files</Filter>
    </ClCompile>
    <ClCompile Include="src\zcswap.c">
      <Filter>Source Files</Filter>
    </ClCompile>
    <ClCompile Include="src\zcswdate.c">
      <Filter>Source Files</Filter>
    </ClCompile>
    <ClCompile Include="src\zcswutil.c">
      <Filter>Source Files</Filter>
    </ClCompile>
    <ClCompile Include="src\zerocurve.c">
      <Filter>Source Files</Filter>
    </ClCompile>
    <ClCompile Include="src\zr2coup.c">
      <Filter>Source Files</Filter>
    </ClCompile>
    <ClCompile Include="src\zr2fwd.c">
      <Filter>Source Files</Filter>
    </ClCompile>
  </ItemGroup>
  <ItemGroup>
    <None Include="src\bsearch.inc">
      <Filter>Source Files</Filter>
    </None>
    <None Include="src\lintrp1.inc">
      <Filter>Source Files</Filter>
    </None>
  </ItemGroup>
</Project>